// !$*UTF8*$!
{
	archiveVersion = 1;
	classes = {
	};
	objectVersion = 46;
	objects = {

/* Begin PBXBuildFile section */
		792CEE0A7CDAFB5A46677C1D /* Pods_scrollingNotationv4.framework in Frameworks */ = {isa = PBXBuildFile; fileRef = B763151F543B160F3F04BE93 /* Pods_scrollingNotationv4.framework */; };
		BC061F1A1CA323E400E231CD /* logo-gui-120.png in Resources */ = {isa = PBXBuildFile; fileRef = BC061F181CA323E400E231CD /* logo-gui-120.png */; };
		BC061F1B1CA323E400E231CD /* logo-gui-180.png in Resources */ = {isa = PBXBuildFile; fileRef = BC061F191CA323E400E231CD /* logo-gui-180.png */; };
		BC0928671C8F85F80096140F /* leadboardTableTableViewController.swift in Sources */ = {isa = PBXBuildFile; fileRef = BC0928661C8F85F80096140F /* leadboardTableTableViewController.swift */; };
		BC63FFE21CA37F4E009AAA56 /* logo29.png in Resources */ = {isa = PBXBuildFile; fileRef = BC63FFE11CA37F4E009AAA56 /* logo29.png */; };
		BC64B7BD1C6C56F200DE7780 /* AppDelegate.swift in Sources */ = {isa = PBXBuildFile; fileRef = BC64B7BC1C6C56F200DE7780 /* AppDelegate.swift */; };
		BC64B7BF1C6C56F200DE7780 /* GameViewController.swift in Sources */ = {isa = PBXBuildFile; fileRef = BC64B7BE1C6C56F200DE7780 /* GameViewController.swift */; };
		BC64B7C21C6C56F200DE7780 /* Main.storyboard in Resources */ = {isa = PBXBuildFile; fileRef = BC64B7C01C6C56F200DE7780 /* Main.storyboard */; };
		BC64B7C41C6C56F200DE7780 /* Assets.xcassets in Resources */ = {isa = PBXBuildFile; fileRef = BC64B7C31C6C56F200DE7780 /* Assets.xcassets */; };
		BC64B7C71C6C56F200DE7780 /* LaunchScreen.storyboard in Resources */ = {isa = PBXBuildFile; fileRef = BC64B7C51C6C56F200DE7780 /* LaunchScreen.storyboard */; };
		BC64B7D21C6C56F300DE7780 /* scrollingNotationv4Tests.swift in Sources */ = {isa = PBXBuildFile; fileRef = BC64B7D11C6C56F300DE7780 /* scrollingNotationv4Tests.swift */; };
		BC64B7DD1C6C56F300DE7780 /* scrollingNotationv4UITests.swift in Sources */ = {isa = PBXBuildFile; fileRef = BC64B7DC1C6C56F300DE7780 /* scrollingNotationv4UITests.swift */; };
		BC64B7EB1C6C57C900DE7780 /* BlankStaff.swift in Sources */ = {isa = PBXBuildFile; fileRef = BC64B7EA1C6C57C900DE7780 /* BlankStaff.swift */; };
		BC64B7EF1C6C607500DE7780 /* NoteLibrary.swift in Sources */ = {isa = PBXBuildFile; fileRef = BC64B7EE1C6C607500DE7780 /* NoteLibrary.swift */; };
		BC64D3C01C9773210001F676 /* StatsViewController.swift in Sources */ = {isa = PBXBuildFile; fileRef = BC64D3BF1C9773210001F676 /* StatsViewController.swift */; };
		BC69BAE81C90F00900347E55 /* CreateAccountViewController.swift in Sources */ = {isa = PBXBuildFile; fileRef = BC69BAE71C90F00900347E55 /* CreateAccountViewController.swift */; };
		BC69BAEA1C90F67C00347E55 /* SignInViewController.swift in Sources */ = {isa = PBXBuildFile; fileRef = BC69BAE91C90F67C00347E55 /* SignInViewController.swift */; };
		BC7495C61C924B3D0003D439 /* logo-1500-darkgreen1.png in Resources */ = {isa = PBXBuildFile; fileRef = BC7495C51C924B3D0003D439 /* logo-1500-darkgreen1.png */; };
		BC7DE2451CA2FA36006769B2 /* logo-1500-white.png in Resources */ = {isa = PBXBuildFile; fileRef = BC7DE2441CA2FA36006769B2 /* logo-1500-white.png */; };
		BC7E7AD11C9628EF00042F7F /* LeaderboardItem.swift in Sources */ = {isa = PBXBuildFile; fileRef = BC7E7ACF1C9628EF00042F7F /* LeaderboardItem.swift */; };
		BC7E7AD21C9628EF00042F7F /* OptionsViewController.swift in Sources */ = {isa = PBXBuildFile; fileRef = BC7E7AD01C9628EF00042F7F /* OptionsViewController.swift */; };
		BC7E7AD41C96291B00042F7F /* LineChart.swift in Sources */ = {isa = PBXBuildFile; fileRef = BC7E7AD31C96291B00042F7F /* LineChart.swift */; };
		BC8A43EE1C9F6CCC006F8A9D /* MultiplayerMenuViewController.swift in Sources */ = {isa = PBXBuildFile; fileRef = BC8A43ED1C9F6CCC006F8A9D /* MultiplayerMenuViewController.swift */; };
		BC8A43F01C9F90B5006F8A9D /* MultiplayerGamesTableViewController.swift in Sources */ = {isa = PBXBuildFile; fileRef = BC8A43EF1C9F90B5006F8A9D /* MultiplayerGamesTableViewController.swift */; };
		BC8A43F21C9F90E6006F8A9D /* MultiplayerGameCell.swift in Sources */ = {isa = PBXBuildFile; fileRef = BC8A43F11C9F90E6006F8A9D /* MultiplayerGameCell.swift */; };
		BCB038831C988BAB002A35D0 /* noteChart.png in Resources */ = {isa = PBXBuildFile; fileRef = BCB038821C988BAB002A35D0 /* noteChart.png */; };
		BCB038851C98944F002A35D0 /* noteChartAltColors.png in Resources */ = {isa = PBXBuildFile; fileRef = BCB038841C98944F002A35D0 /* noteChartAltColors.png */; };
		BCC046A21C85611C00438E71 /* Bubble.mp3 in Resources */ = {isa = PBXBuildFile; fileRef = BCC046A11C85611C00438E71 /* Bubble.mp3 */; };
		BCC046C61C85794500438E71 /* 40.mp3 in Resources */ = {isa = PBXBuildFile; fileRef = BCC046BB1C85794500438E71 /* 40.mp3 */; };
		BCC046C71C85794500438E71 /* 42.mp3 in Resources */ = {isa = PBXBuildFile; fileRef = BCC046BC1C85794500438E71 /* 42.mp3 */; };
		BCC046C81C85794500438E71 /* 44.mp3 in Resources */ = {isa = PBXBuildFile; fileRef = BCC046BD1C85794500438E71 /* 44.mp3 */; };
		BCC046C91C85794500438E71 /* 45.mp3 in Resources */ = {isa = PBXBuildFile; fileRef = BCC046BE1C85794500438E71 /* 45.mp3 */; };
		BCC046CA1C85794500438E71 /* 47.mp3 in Resources */ = {isa = PBXBuildFile; fileRef = BCC046BF1C85794500438E71 /* 47.mp3 */; };
		BCC046CB1C85794500438E71 /* 49.mp3 in Resources */ = {isa = PBXBuildFile; fileRef = BCC046C01C85794500438E71 /* 49.mp3 */; };
		BCC046CC1C85794500438E71 /* 51.mp3 in Resources */ = {isa = PBXBuildFile; fileRef = BCC046C11C85794500438E71 /* 51.mp3 */; };
		BCC046CD1C85794500438E71 /* 52.mp3 in Resources */ = {isa = PBXBuildFile; fileRef = BCC046C21C85794500438E71 /* 52.mp3 */; };
		BCC046CE1C85794500438E71 /* 54.mp3 in Resources */ = {isa = PBXBuildFile; fileRef = BCC046C31C85794500438E71 /* 54.mp3 */; };
		BCC046CF1C85794500438E71 /* 56.mp3 in Resources */ = {isa = PBXBuildFile; fileRef = BCC046C41C85794500438E71 /* 56.mp3 */; };
		BCC046D01C85794500438E71 /* 57.mp3 in Resources */ = {isa = PBXBuildFile; fileRef = BCC046C51C85794500438E71 /* 57.mp3 */; };
		BCC046DB1C857D0D00438E71 /* 23.mp3 in Resources */ = {isa = PBXBuildFile; fileRef = BCC046D11C857D0D00438E71 /* 23.mp3 */; };
		BCC046DC1C857D0D00438E71 /* 25.mp3 in Resources */ = {isa = PBXBuildFile; fileRef = BCC046D21C857D0D00438E71 /* 25.mp3 */; };
		BCC046DD1C857D0D00438E71 /* 27.mp3 in Resources */ = {isa = PBXBuildFile; fileRef = BCC046D31C857D0D00438E71 /* 27.mp3 */; };
		BCC046DE1C857D0D00438E71 /* 28.mp3 in Resources */ = {isa = PBXBuildFile; fileRef = BCC046D41C857D0D00438E71 /* 28.mp3 */; };
		BCC046DF1C857D0D00438E71 /* 30.mp3 in Resources */ = {isa = PBXBuildFile; fileRef = BCC046D51C857D0D00438E71 /* 30.mp3 */; };
		BCC046E01C857D0D00438E71 /* 32.mp3 in Resources */ = {isa = PBXBuildFile; fileRef = BCC046D61C857D0D00438E71 /* 32.mp3 */; };
		BCC046E11C857D0D00438E71 /* 33.mp3 in Resources */ = {isa = PBXBuildFile; fileRef = BCC046D71C857D0D00438E71 /* 33.mp3 */; };
		BCC046E21C857D0D00438E71 /* 35.mp3 in Resources */ = {isa = PBXBuildFile; fileRef = BCC046D81C857D0D00438E71 /* 35.mp3 */; };
		BCC046E31C857D0D00438E71 /* 37.mp3 in Resources */ = {isa = PBXBuildFile; fileRef = BCC046D91C857D0D00438E71 /* 37.mp3 */; };
		BCC046E41C857D0D00438E71 /* 39.mp3 in Resources */ = {isa = PBXBuildFile; fileRef = BCC046DA1C857D0D00438E71 /* 39.mp3 */; };
		BCC8F7731C77C58A00EAA645 /* MainMenuViewController.swift in Sources */ = {isa = PBXBuildFile; fileRef = BCC8F7721C77C58A00EAA645 /* MainMenuViewController.swift */; };
		BCC8F7761C79060700EAA645 /* bass.png in Resources */ = {isa = PBXBuildFile; fileRef = BCC8F7741C79060700EAA645 /* bass.png */; };
		BCC8F7771C79060700EAA645 /* treble.png in Resources */ = {isa = PBXBuildFile; fileRef = BCC8F7751C79060700EAA645 /* treble.png */; };
		BCD593D51CAB277B00F9411A /* GraphViewController.swift in Sources */ = {isa = PBXBuildFile; fileRef = BCD593D41CAB277B00F9411A /* GraphViewController.swift */; };
		BCD883261C8E4B8F000DD793 /* SwiftyJSON.framework in Frameworks */ = {isa = PBXBuildFile; fileRef = BCD883251C8E4B8F000DD793 /* SwiftyJSON.framework */; };
		BCDB075C1C84F1E00087DE7F /* AVFoundation.framework in Frameworks */ = {isa = PBXBuildFile; fileRef = BCDB075B1C84F1E00087DE7F /* AVFoundation.framework */; };
		BCE74CEF1C7506F600FB4EC4 /* ovalNote.png in Resources */ = {isa = PBXBuildFile; fileRef = BCE74CEE1C7506F600FB4EC4 /* ovalNote.png */; };
		BCE74CF11C75156100FB4EC4 /* GameMenuViewController.swift in Sources */ = {isa = PBXBuildFile; fileRef = BCE74CF01C75156100FB4EC4 /* GameMenuViewController.swift */; };
		BCE74CF31C7562CD00FB4EC4 /* LearningMenuViewController.swift in Sources */ = {isa = PBXBuildFile; fileRef = BCE74CF21C7562CD00FB4EC4 /* LearningMenuViewController.swift */; };
		BCE74CF51C75669200FB4EC4 /* LearningViewController.swift in Sources */ = {isa = PBXBuildFile; fileRef = BCE74CF41C75669200FB4EC4 /* LearningViewController.swift */; };
		BCEAB11A1C8150FF00929924 /* logo.png in Resources */ = {isa = PBXBuildFile; fileRef = BCEAB1191C8150FF00929924 /* logo.png */; };
		BCFB08891CAD905C00770AE3 /* logo29.png in Resources */ = {isa = PBXBuildFile; fileRef = BCFB08801CAD905C00770AE3 /* logo29.png */; };
		BCFB088A1CAD905C00770AE3 /* logo40.png in Resources */ = {isa = PBXBuildFile; fileRef = BCFB08811CAD905C00770AE3 /* logo40.png */; };
		BCFB088B1CAD905C00770AE3 /* logo58.png in Resources */ = {isa = PBXBuildFile; fileRef = BCFB08821CAD905C00770AE3 /* logo58.png */; };
		BCFB088C1CAD905C00770AE3 /* logo76.png in Resources */ = {isa = PBXBuildFile; fileRef = BCFB08831CAD905C00770AE3 /* logo76.png */; };
		BCFB088D1CAD905C00770AE3 /* logo80.png in Resources */ = {isa = PBXBuildFile; fileRef = BCFB08841CAD905C00770AE3 /* logo80.png */; };
		BCFB088E1CAD905C00770AE3 /* logo87.png in Resources */ = {isa = PBXBuildFile; fileRef = BCFB08851CAD905C00770AE3 /* logo87.png */; };
		BCFB088F1CAD905C00770AE3 /* logo120.png in Resources */ = {isa = PBXBuildFile; fileRef = BCFB08861CAD905C00770AE3 /* logo120.png */; };
		BCFB08901CAD905C00770AE3 /* logo152.png in Resources */ = {isa = PBXBuildFile; fileRef = BCFB08871CAD905C00770AE3 /* logo152.png */; };
		BCFB08911CAD905C00770AE3 /* logo167.png in Resources */ = {isa = PBXBuildFile; fileRef = BCFB08881CAD905C00770AE3 /* logo167.png */; };
/* End PBXBuildFile section */

/* Begin PBXContainerItemProxy section */
		BC64B7CE1C6C56F300DE7780 /* PBXContainerItemProxy */ = {
			isa = PBXContainerItemProxy;
			containerPortal = BC64B7B11C6C56F200DE7780 /* Project object */;
			proxyType = 1;
			remoteGlobalIDString = BC64B7B81C6C56F200DE7780;
			remoteInfo = scrollingNotationv4;
		};
		BC64B7D91C6C56F300DE7780 /* PBXContainerItemProxy */ = {
			isa = PBXContainerItemProxy;
			containerPortal = BC64B7B11C6C56F200DE7780 /* Project object */;
			proxyType = 1;
			remoteGlobalIDString = BC64B7B81C6C56F200DE7780;
			remoteInfo = scrollingNotationv4;
		};
/* End PBXContainerItemProxy section */

/* Begin PBXFileReference section */
		83BFEF0AB207ED3D6629C939 /* Pods-scrollingNotationv4.debug.xcconfig */ = {isa = PBXFileReference; includeInIndex = 1; lastKnownFileType = text.xcconfig; name = "Pods-scrollingNotationv4.debug.xcconfig"; path = "Pods/Target Support Files/Pods-scrollingNotationv4/Pods-scrollingNotationv4.debug.xcconfig"; sourceTree = "<group>"; };
		B763151F543B160F3F04BE93 /* Pods_scrollingNotationv4.framework */ = {isa = PBXFileReference; explicitFileType = wrapper.framework; includeInIndex = 0; path = Pods_scrollingNotationv4.framework; sourceTree = BUILT_PRODUCTS_DIR; };
		BC061F181CA323E400E231CD /* logo-gui-120.png */ = {isa = PBXFileReference; lastKnownFileType = image.png; path = "logo-gui-120.png"; sourceTree = "<group>"; };
		BC061F191CA323E400E231CD /* logo-gui-180.png */ = {isa = PBXFileReference; lastKnownFileType = image.png; path = "logo-gui-180.png"; sourceTree = "<group>"; };
		BC0928661C8F85F80096140F /* leadboardTableTableViewController.swift */ = {isa = PBXFileReference; fileEncoding = 4; lastKnownFileType = sourcecode.swift; path = leadboardTableTableViewController.swift; sourceTree = "<group>"; };
		BC63FFE11CA37F4E009AAA56 /* logo29.png */ = {isa = PBXFileReference; lastKnownFileType = image.png; path = logo29.png; sourceTree = "<group>"; };
		BC64B7B91C6C56F200DE7780 /* NoteBrainer.app */ = {isa = PBXFileReference; explicitFileType = wrapper.application; includeInIndex = 0; path = NoteBrainer.app; sourceTree = BUILT_PRODUCTS_DIR; };
		BC64B7BC1C6C56F200DE7780 /* AppDelegate.swift */ = {isa = PBXFileReference; lastKnownFileType = sourcecode.swift; path = AppDelegate.swift; sourceTree = "<group>"; };
		BC64B7BE1C6C56F200DE7780 /* GameViewController.swift */ = {isa = PBXFileReference; lastKnownFileType = sourcecode.swift; path = GameViewController.swift; sourceTree = "<group>"; };
		BC64B7C11C6C56F200DE7780 /* Base */ = {isa = PBXFileReference; lastKnownFileType = file.storyboard; name = Base; path = Base.lproj/Main.storyboard; sourceTree = "<group>"; };
		BC64B7C31C6C56F200DE7780 /* Assets.xcassets */ = {isa = PBXFileReference; lastKnownFileType = folder.assetcatalog; path = Assets.xcassets; sourceTree = "<group>"; };
		BC64B7C61C6C56F200DE7780 /* Base */ = {isa = PBXFileReference; lastKnownFileType = file.storyboard; name = Base; path = Base.lproj/LaunchScreen.storyboard; sourceTree = "<group>"; };
		BC64B7C81C6C56F200DE7780 /* Info.plist */ = {isa = PBXFileReference; lastKnownFileType = text.plist.xml; path = Info.plist; sourceTree = "<group>"; };
		BC64B7CD1C6C56F300DE7780 /* scrollingNotationv4Tests.xctest */ = {isa = PBXFileReference; explicitFileType = wrapper.cfbundle; includeInIndex = 0; path = scrollingNotationv4Tests.xctest; sourceTree = BUILT_PRODUCTS_DIR; };
		BC64B7D11C6C56F300DE7780 /* scrollingNotationv4Tests.swift */ = {isa = PBXFileReference; lastKnownFileType = sourcecode.swift; path = scrollingNotationv4Tests.swift; sourceTree = "<group>"; };
		BC64B7D31C6C56F300DE7780 /* Info.plist */ = {isa = PBXFileReference; lastKnownFileType = text.plist.xml; path = Info.plist; sourceTree = "<group>"; };
		BC64B7D81C6C56F300DE7780 /* scrollingNotationv4UITests.xctest */ = {isa = PBXFileReference; explicitFileType = wrapper.cfbundle; includeInIndex = 0; path = scrollingNotationv4UITests.xctest; sourceTree = BUILT_PRODUCTS_DIR; };
		BC64B7DC1C6C56F300DE7780 /* scrollingNotationv4UITests.swift */ = {isa = PBXFileReference; lastKnownFileType = sourcecode.swift; path = scrollingNotationv4UITests.swift; sourceTree = "<group>"; };
		BC64B7DE1C6C56F300DE7780 /* Info.plist */ = {isa = PBXFileReference; lastKnownFileType = text.plist.xml; path = Info.plist; sourceTree = "<group>"; };
		BC64B7EA1C6C57C900DE7780 /* BlankStaff.swift */ = {isa = PBXFileReference; fileEncoding = 4; lastKnownFileType = sourcecode.swift; path = BlankStaff.swift; sourceTree = "<group>"; };
		BC64B7EE1C6C607500DE7780 /* NoteLibrary.swift */ = {isa = PBXFileReference; fileEncoding = 4; lastKnownFileType = sourcecode.swift; path = NoteLibrary.swift; sourceTree = "<group>"; };
		BC64D3BF1C9773210001F676 /* StatsViewController.swift */ = {isa = PBXFileReference; fileEncoding = 4; lastKnownFileType = sourcecode.swift; path = StatsViewController.swift; sourceTree = "<group>"; };
		BC69BAE71C90F00900347E55 /* CreateAccountViewController.swift */ = {isa = PBXFileReference; fileEncoding = 4; lastKnownFileType = sourcecode.swift; path = CreateAccountViewController.swift; sourceTree = "<group>"; };
		BC69BAE91C90F67C00347E55 /* SignInViewController.swift */ = {isa = PBXFileReference; fileEncoding = 4; lastKnownFileType = sourcecode.swift; path = SignInViewController.swift; sourceTree = "<group>"; };
		BC7495C51C924B3D0003D439 /* logo-1500-darkgreen1.png */ = {isa = PBXFileReference; lastKnownFileType = image.png; path = "logo-1500-darkgreen1.png"; sourceTree = "<group>"; };
		BC7DE2441CA2FA36006769B2 /* logo-1500-white.png */ = {isa = PBXFileReference; lastKnownFileType = image.png; path = "logo-1500-white.png"; sourceTree = "<group>"; };
		BC7E7ACF1C9628EF00042F7F /* LeaderboardItem.swift */ = {isa = PBXFileReference; fileEncoding = 4; lastKnownFileType = sourcecode.swift; path = LeaderboardItem.swift; sourceTree = "<group>"; };
		BC7E7AD01C9628EF00042F7F /* OptionsViewController.swift */ = {isa = PBXFileReference; fileEncoding = 4; lastKnownFileType = sourcecode.swift; path = OptionsViewController.swift; sourceTree = "<group>"; };
		BC7E7AD31C96291B00042F7F /* LineChart.swift */ = {isa = PBXFileReference; fileEncoding = 4; lastKnownFileType = sourcecode.swift; path = LineChart.swift; sourceTree = "<group>"; };
		BC8A43ED1C9F6CCC006F8A9D /* MultiplayerMenuViewController.swift */ = {isa = PBXFileReference; fileEncoding = 4; lastKnownFileType = sourcecode.swift; path = MultiplayerMenuViewController.swift; sourceTree = "<group>"; };
		BC8A43EF1C9F90B5006F8A9D /* MultiplayerGamesTableViewController.swift */ = {isa = PBXFileReference; fileEncoding = 4; lastKnownFileType = sourcecode.swift; path = MultiplayerGamesTableViewController.swift; sourceTree = "<group>"; };
		BC8A43F11C9F90E6006F8A9D /* MultiplayerGameCell.swift */ = {isa = PBXFileReference; fileEncoding = 4; lastKnownFileType = sourcecode.swift; path = MultiplayerGameCell.swift; sourceTree = "<group>"; };
		BCB038821C988BAB002A35D0 /* noteChart.png */ = {isa = PBXFileReference; lastKnownFileType = image.png; path = noteChart.png; sourceTree = "<group>"; };
		BCB038841C98944F002A35D0 /* noteChartAltColors.png */ = {isa = PBXFileReference; lastKnownFileType = image.png; path = noteChartAltColors.png; sourceTree = "<group>"; };
		BCC046A11C85611C00438E71 /* Bubble.mp3 */ = {isa = PBXFileReference; lastKnownFileType = audio.mp3; path = Bubble.mp3; sourceTree = "<group>"; };
		BCC046BB1C85794500438E71 /* 40.mp3 */ = {isa = PBXFileReference; lastKnownFileType = audio.mp3; name = 40.mp3; path = sounds/40.mp3; sourceTree = "<group>"; };
		BCC046BC1C85794500438E71 /* 42.mp3 */ = {isa = PBXFileReference; lastKnownFileType = audio.mp3; name = 42.mp3; path = sounds/42.mp3; sourceTree = "<group>"; };
		BCC046BD1C85794500438E71 /* 44.mp3 */ = {isa = PBXFileReference; lastKnownFileType = audio.mp3; name = 44.mp3; path = sounds/44.mp3; sourceTree = "<group>"; };
		BCC046BE1C85794500438E71 /* 45.mp3 */ = {isa = PBXFileReference; lastKnownFileType = audio.mp3; name = 45.mp3; path = sounds/45.mp3; sourceTree = "<group>"; };
		BCC046BF1C85794500438E71 /* 47.mp3 */ = {isa = PBXFileReference; lastKnownFileType = audio.mp3; name = 47.mp3; path = sounds/47.mp3; sourceTree = "<group>"; };
		BCC046C01C85794500438E71 /* 49.mp3 */ = {isa = PBXFileReference; lastKnownFileType = audio.mp3; name = 49.mp3; path = sounds/49.mp3; sourceTree = "<group>"; };
		BCC046C11C85794500438E71 /* 51.mp3 */ = {isa = PBXFileReference; lastKnownFileType = audio.mp3; name = 51.mp3; path = sounds/51.mp3; sourceTree = "<group>"; };
		BCC046C21C85794500438E71 /* 52.mp3 */ = {isa = PBXFileReference; lastKnownFileType = audio.mp3; name = 52.mp3; path = sounds/52.mp3; sourceTree = "<group>"; };
		BCC046C31C85794500438E71 /* 54.mp3 */ = {isa = PBXFileReference; lastKnownFileType = audio.mp3; name = 54.mp3; path = sounds/54.mp3; sourceTree = "<group>"; };
		BCC046C41C85794500438E71 /* 56.mp3 */ = {isa = PBXFileReference; lastKnownFileType = audio.mp3; name = 56.mp3; path = sounds/56.mp3; sourceTree = "<group>"; };
		BCC046C51C85794500438E71 /* 57.mp3 */ = {isa = PBXFileReference; lastKnownFileType = audio.mp3; name = 57.mp3; path = sounds/57.mp3; sourceTree = "<group>"; };
		BCC046D11C857D0D00438E71 /* 23.mp3 */ = {isa = PBXFileReference; lastKnownFileType = audio.mp3; name = 23.mp3; path = sounds/23.mp3; sourceTree = "<group>"; };
		BCC046D21C857D0D00438E71 /* 25.mp3 */ = {isa = PBXFileReference; lastKnownFileType = audio.mp3; name = 25.mp3; path = sounds/25.mp3; sourceTree = "<group>"; };
		BCC046D31C857D0D00438E71 /* 27.mp3 */ = {isa = PBXFileReference; lastKnownFileType = audio.mp3; name = 27.mp3; path = sounds/27.mp3; sourceTree = "<group>"; };
		BCC046D41C857D0D00438E71 /* 28.mp3 */ = {isa = PBXFileReference; lastKnownFileType = audio.mp3; name = 28.mp3; path = sounds/28.mp3; sourceTree = "<group>"; };
		BCC046D51C857D0D00438E71 /* 30.mp3 */ = {isa = PBXFileReference; lastKnownFileType = audio.mp3; name = 30.mp3; path = sounds/30.mp3; sourceTree = "<group>"; };
		BCC046D61C857D0D00438E71 /* 32.mp3 */ = {isa = PBXFileReference; lastKnownFileType = audio.mp3; name = 32.mp3; path = sounds/32.mp3; sourceTree = "<group>"; };
		BCC046D71C857D0D00438E71 /* 33.mp3 */ = {isa = PBXFileReference; lastKnownFileType = audio.mp3; name = 33.mp3; path = sounds/33.mp3; sourceTree = "<group>"; };
		BCC046D81C857D0D00438E71 /* 35.mp3 */ = {isa = PBXFileReference; lastKnownFileType = audio.mp3; name = 35.mp3; path = sounds/35.mp3; sourceTree = "<group>"; };
		BCC046D91C857D0D00438E71 /* 37.mp3 */ = {isa = PBXFileReference; lastKnownFileType = audio.mp3; name = 37.mp3; path = sounds/37.mp3; sourceTree = "<group>"; };
		BCC046DA1C857D0D00438E71 /* 39.mp3 */ = {isa = PBXFileReference; lastKnownFileType = audio.mp3; name = 39.mp3; path = sounds/39.mp3; sourceTree = "<group>"; };
		BCC8F7721C77C58A00EAA645 /* MainMenuViewController.swift */ = {isa = PBXFileReference; fileEncoding = 4; lastKnownFileType = sourcecode.swift; path = MainMenuViewController.swift; sourceTree = "<group>"; };
		BCC8F7741C79060700EAA645 /* bass.png */ = {isa = PBXFileReference; lastKnownFileType = image.png; path = bass.png; sourceTree = "<group>"; };
		BCC8F7751C79060700EAA645 /* treble.png */ = {isa = PBXFileReference; lastKnownFileType = image.png; path = treble.png; sourceTree = "<group>"; };
		BCD593D41CAB277B00F9411A /* GraphViewController.swift */ = {isa = PBXFileReference; fileEncoding = 4; lastKnownFileType = sourcecode.swift; path = GraphViewController.swift; sourceTree = "<group>"; };
		BCD883251C8E4B8F000DD793 /* SwiftyJSON.framework */ = {isa = PBXFileReference; lastKnownFileType = wrapper.framework; name = SwiftyJSON.framework; path = "Pods/../build/Debug-iphoneos/SwiftyJSON.framework"; sourceTree = "<group>"; };
		BCDB075B1C84F1E00087DE7F /* AVFoundation.framework */ = {isa = PBXFileReference; lastKnownFileType = wrapper.framework; name = AVFoundation.framework; path = System/Library/Frameworks/AVFoundation.framework; sourceTree = SDKROOT; };
		BCE74CEE1C7506F600FB4EC4 /* ovalNote.png */ = {isa = PBXFileReference; lastKnownFileType = image.png; path = ovalNote.png; sourceTree = "<group>"; };
		BCE74CF01C75156100FB4EC4 /* GameMenuViewController.swift */ = {isa = PBXFileReference; fileEncoding = 4; lastKnownFileType = sourcecode.swift; path = GameMenuViewController.swift; sourceTree = "<group>"; };
		BCE74CF21C7562CD00FB4EC4 /* LearningMenuViewController.swift */ = {isa = PBXFileReference; fileEncoding = 4; lastKnownFileType = sourcecode.swift; path = LearningMenuViewController.swift; sourceTree = "<group>"; };
		BCE74CF41C75669200FB4EC4 /* LearningViewController.swift */ = {isa = PBXFileReference; fileEncoding = 4; lastKnownFileType = sourcecode.swift; path = LearningViewController.swift; sourceTree = "<group>"; };
		BCEAB1191C8150FF00929924 /* logo.png */ = {isa = PBXFileReference; lastKnownFileType = image.png; path = logo.png; sourceTree = "<group>"; };
		BCFB08801CAD905C00770AE3 /* logo29.png */ = {isa = PBXFileReference; lastKnownFileType = image.png; name = logo29.png; path = icons/logo29.png; sourceTree = "<group>"; };
		BCFB08811CAD905C00770AE3 /* logo40.png */ = {isa = PBXFileReference; lastKnownFileType = image.png; name = logo40.png; path = icons/logo40.png; sourceTree = "<group>"; };
		BCFB08821CAD905C00770AE3 /* logo58.png */ = {isa = PBXFileReference; lastKnownFileType = image.png; name = logo58.png; path = icons/logo58.png; sourceTree = "<group>"; };
		BCFB08831CAD905C00770AE3 /* logo76.png */ = {isa = PBXFileReference; lastKnownFileType = image.png; name = logo76.png; path = icons/logo76.png; sourceTree = "<group>"; };
		BCFB08841CAD905C00770AE3 /* logo80.png */ = {isa = PBXFileReference; lastKnownFileType = image.png; name = logo80.png; path = icons/logo80.png; sourceTree = "<group>"; };
		BCFB08851CAD905C00770AE3 /* logo87.png */ = {isa = PBXFileReference; lastKnownFileType = image.png; name = logo87.png; path = icons/logo87.png; sourceTree = "<group>"; };
		BCFB08861CAD905C00770AE3 /* logo120.png */ = {isa = PBXFileReference; lastKnownFileType = image.png; name = logo120.png; path = icons/logo120.png; sourceTree = "<group>"; };
		BCFB08871CAD905C00770AE3 /* logo152.png */ = {isa = PBXFileReference; lastKnownFileType = image.png; name = logo152.png; path = icons/logo152.png; sourceTree = "<group>"; };
		BCFB08881CAD905C00770AE3 /* logo167.png */ = {isa = PBXFileReference; lastKnownFileType = image.png; name = logo167.png; path = icons/logo167.png; sourceTree = "<group>"; };
		FF6CD2A6DD5CF5657E3991B3 /* Pods-scrollingNotationv4.release.xcconfig */ = {isa = PBXFileReference; includeInIndex = 1; lastKnownFileType = text.xcconfig; name = "Pods-scrollingNotationv4.release.xcconfig"; path = "Pods/Target Support Files/Pods-scrollingNotationv4/Pods-scrollingNotationv4.release.xcconfig"; sourceTree = "<group>"; };
/* End PBXFileReference section */

/* Begin PBXFrameworksBuildPhase section */
		BC64B7B61C6C56F200DE7780 /* Frameworks */ = {
			isa = PBXFrameworksBuildPhase;
			buildActionMask = 2147483647;
			files = (
				BCD883261C8E4B8F000DD793 /* SwiftyJSON.framework in Frameworks */,
				BCDB075C1C84F1E00087DE7F /* AVFoundation.framework in Frameworks */,
				792CEE0A7CDAFB5A46677C1D /* Pods_scrollingNotationv4.framework in Frameworks */,
			);
			runOnlyForDeploymentPostprocessing = 0;
		};
		BC64B7CA1C6C56F300DE7780 /* Frameworks */ = {
			isa = PBXFrameworksBuildPhase;
			buildActionMask = 2147483647;
			files = (
			);
			runOnlyForDeploymentPostprocessing = 0;
		};
		BC64B7D51C6C56F300DE7780 /* Frameworks */ = {
			isa = PBXFrameworksBuildPhase;
			buildActionMask = 2147483647;
			files = (
			);
			runOnlyForDeploymentPostprocessing = 0;
		};
/* End PBXFrameworksBuildPhase section */

/* Begin PBXGroup section */
		7B60431ADE5CACADA49F4B30 /* Pods */ = {
			isa = PBXGroup;
			children = (
				83BFEF0AB207ED3D6629C939 /* Pods-scrollingNotationv4.debug.xcconfig */,
				FF6CD2A6DD5CF5657E3991B3 /* Pods-scrollingNotationv4.release.xcconfig */,
			);
			name = Pods;
			sourceTree = "<group>";
		};
		A087BB45ACEE1400E9B3E74A /* Frameworks */ = {
			isa = PBXGroup;
			children = (
				BCD883251C8E4B8F000DD793 /* SwiftyJSON.framework */,
				B763151F543B160F3F04BE93 /* Pods_scrollingNotationv4.framework */,
			);
			name = Frameworks;
			sourceTree = "<group>";
		};
		BC061F171CA323A300E231CD /* logo-gui */ = {
			isa = PBXGroup;
			children = (
				BC061F181CA323E400E231CD /* logo-gui-120.png */,
				BC061F191CA323E400E231CD /* logo-gui-180.png */,
				BCFB08801CAD905C00770AE3 /* logo29.png */,
				BCFB08811CAD905C00770AE3 /* logo40.png */,
				BCFB08821CAD905C00770AE3 /* logo58.png */,
				BCFB08831CAD905C00770AE3 /* logo76.png */,
				BCFB08841CAD905C00770AE3 /* logo80.png */,
				BCFB08851CAD905C00770AE3 /* logo87.png */,
				BCFB08861CAD905C00770AE3 /* logo120.png */,
				BCFB08871CAD905C00770AE3 /* logo152.png */,
				BCFB08881CAD905C00770AE3 /* logo167.png */,
				BC63FFE11CA37F4E009AAA56 /* logo29.png */,
			);
			name = "logo-gui";
			sourceTree = "<group>";
		};
		BC64B7B01C6C56F200DE7780 = {
			isa = PBXGroup;
			children = (
				BCDB075B1C84F1E00087DE7F /* AVFoundation.framework */,
				BC64B7BB1C6C56F200DE7780 /* scrollingNotationv4 */,
				BC64B7D01C6C56F300DE7780 /* scrollingNotationv4Tests */,
				BC64B7DB1C6C56F300DE7780 /* scrollingNotationv4UITests */,
				BC64B7BA1C6C56F200DE7780 /* Products */,
				7B60431ADE5CACADA49F4B30 /* Pods */,
				A087BB45ACEE1400E9B3E74A /* Frameworks */,
			);
			sourceTree = "<group>";
		};
		BC64B7BA1C6C56F200DE7780 /* Products */ = {
			isa = PBXGroup;
			children = (
				BC64B7B91C6C56F200DE7780 /* NoteBrainer.app */,
				BC64B7CD1C6C56F300DE7780 /* scrollingNotationv4Tests.xctest */,
				BC64B7D81C6C56F300DE7780 /* scrollingNotationv4UITests.xctest */,
			);
			name = Products;
			sourceTree = "<group>";
		};
		BC64B7BB1C6C56F200DE7780 /* scrollingNotationv4 */ = {
			isa = PBXGroup;
			children = (
				BCDB07581C84F0BE0087DE7F /* sounds */,
				BCE171051C7F9BFA0000D868 /* images */,
				BC64B7BC1C6C56F200DE7780 /* AppDelegate.swift */,
				BC69BAE91C90F67C00347E55 /* SignInViewController.swift */,
				BC69BAE71C90F00900347E55 /* CreateAccountViewController.swift */,
				BC64B7EA1C6C57C900DE7780 /* BlankStaff.swift */,
				BC64B7EE1C6C607500DE7780 /* NoteLibrary.swift */,
				BC0928661C8F85F80096140F /* leadboardTableTableViewController.swift */,
				BC7E7ACF1C9628EF00042F7F /* LeaderboardItem.swift */,
				BC7E7AD01C9628EF00042F7F /* OptionsViewController.swift */,
				BC64B7C01C6C56F200DE7780 /* Main.storyboard */,
				BC64B7C31C6C56F200DE7780 /* Assets.xcassets */,
				BC64B7C51C6C56F200DE7780 /* LaunchScreen.storyboard */,
				BCC8F7721C77C58A00EAA645 /* MainMenuViewController.swift */,
				BC64D3BF1C9773210001F676 /* StatsViewController.swift */,
				BCE74CF01C75156100FB4EC4 /* GameMenuViewController.swift */,
				BC64B7BE1C6C56F200DE7780 /* GameViewController.swift */,
				BCD593D41CAB277B00F9411A /* GraphViewController.swift */,
				BCE74CF21C7562CD00FB4EC4 /* LearningMenuViewController.swift */,
				BCE74CF41C75669200FB4EC4 /* LearningViewController.swift */,
				BC64B7C81C6C56F200DE7780 /* Info.plist */,
				BC7E7AD31C96291B00042F7F /* LineChart.swift */,
				BC8A43ED1C9F6CCC006F8A9D /* MultiplayerMenuViewController.swift */,
				BC8A43EF1C9F90B5006F8A9D /* MultiplayerGamesTableViewController.swift */,
				BC8A43F11C9F90E6006F8A9D /* MultiplayerGameCell.swift */,
			);
			path = scrollingNotationv4;
			sourceTree = "<group>";
		};
		BC64B7D01C6C56F300DE7780 /* scrollingNotationv4Tests */ = {
			isa = PBXGroup;
			children = (
				BC64B7D11C6C56F300DE7780 /* scrollingNotationv4Tests.swift */,
				BC64B7D31C6C56F300DE7780 /* Info.plist */,
			);
			path = scrollingNotationv4Tests;
			sourceTree = "<group>";
		};
		BC64B7DB1C6C56F300DE7780 /* scrollingNotationv4UITests */ = {
			isa = PBXGroup;
			children = (
				BC64B7DC1C6C56F300DE7780 /* scrollingNotationv4UITests.swift */,
				BC64B7DE1C6C56F300DE7780 /* Info.plist */,
			);
			path = scrollingNotationv4UITests;
			sourceTree = "<group>";
		};
		BCDB07581C84F0BE0087DE7F /* sounds */ = {
			isa = PBXGroup;
			children = (
				BCC046A11C85611C00438E71 /* Bubble.mp3 */,
				BCC046D11C857D0D00438E71 /* 23.mp3 */,
				BCC046D21C857D0D00438E71 /* 25.mp3 */,
				BCC046D31C857D0D00438E71 /* 27.mp3 */,
				BCC046D41C857D0D00438E71 /* 28.mp3 */,
				BCC046D51C857D0D00438E71 /* 30.mp3 */,
				BCC046D61C857D0D00438E71 /* 32.mp3 */,
				BCC046D71C857D0D00438E71 /* 33.mp3 */,
				BCC046D81C857D0D00438E71 /* 35.mp3 */,
				BCC046D91C857D0D00438E71 /* 37.mp3 */,
				BCC046DA1C857D0D00438E71 /* 39.mp3 */,
				BCC046BB1C85794500438E71 /* 40.mp3 */,
				BCC046BC1C85794500438E71 /* 42.mp3 */,
				BCC046BD1C85794500438E71 /* 44.mp3 */,
				BCC046BE1C85794500438E71 /* 45.mp3 */,
				BCC046BF1C85794500438E71 /* 47.mp3 */,
				BCC046C01C85794500438E71 /* 49.mp3 */,
				BCC046C11C85794500438E71 /* 51.mp3 */,
				BCC046C21C85794500438E71 /* 52.mp3 */,
				BCC046C31C85794500438E71 /* 54.mp3 */,
				BCC046C41C85794500438E71 /* 56.mp3 */,
				BCC046C51C85794500438E71 /* 57.mp3 */,
			);
			name = sounds;
			sourceTree = "<group>";
		};
		BCE171051C7F9BFA0000D868 /* images */ = {
			isa = PBXGroup;
			children = (
				BC061F171CA323A300E231CD /* logo-gui */,
				BC7DE2441CA2FA36006769B2 /* logo-1500-white.png */,
				BCE74CEE1C7506F600FB4EC4 /* ovalNote.png */,
				BCC8F7741C79060700EAA645 /* bass.png */,
				BC7495C51C924B3D0003D439 /* logo-1500-darkgreen1.png */,
				BCB038821C988BAB002A35D0 /* noteChart.png */,
				BCB038841C98944F002A35D0 /* noteChartAltColors.png */,
				BCEAB1191C8150FF00929924 /* logo.png */,
				BCC8F7751C79060700EAA645 /* treble.png */,
			);
			name = images;
			sourceTree = "<group>";
		};
/* End PBXGroup section */

/* Begin PBXNativeTarget section */
		BC64B7B81C6C56F200DE7780 /* scrollingNotationv4 */ = {
			isa = PBXNativeTarget;
			buildConfigurationList = BC64B7E11C6C56F300DE7780 /* Build configuration list for PBXNativeTarget "scrollingNotationv4" */;
			buildPhases = (
				084DF754D41C3B4B92A96501 /* Check Pods Manifest.lock */,
				BC64B7B51C6C56F200DE7780 /* Sources */,
				BC64B7B61C6C56F200DE7780 /* Frameworks */,
				BC64B7B71C6C56F200DE7780 /* Resources */,
				82C622C1263290B4A46AD4C6 /* Embed Pods Frameworks */,
				EE6DEF373D22CE81E3CE029F /* Copy Pods Resources */,
			);
			buildRules = (
			);
			dependencies = (
			);
			name = scrollingNotationv4;
			productName = scrollingNotationv4;
			productReference = BC64B7B91C6C56F200DE7780 /* NoteBrainer.app */;
			productType = "com.apple.product-type.application";
		};
		BC64B7CC1C6C56F300DE7780 /* scrollingNotationv4Tests */ = {
			isa = PBXNativeTarget;
			buildConfigurationList = BC64B7E41C6C56F300DE7780 /* Build configuration list for PBXNativeTarget "scrollingNotationv4Tests" */;
			buildPhases = (
				BC64B7C91C6C56F300DE7780 /* Sources */,
				BC64B7CA1C6C56F300DE7780 /* Frameworks */,
				BC64B7CB1C6C56F300DE7780 /* Resources */,
			);
			buildRules = (
			);
			dependencies = (
				BC64B7CF1C6C56F300DE7780 /* PBXTargetDependency */,
			);
			name = scrollingNotationv4Tests;
			productName = scrollingNotationv4Tests;
			productReference = BC64B7CD1C6C56F300DE7780 /* scrollingNotationv4Tests.xctest */;
			productType = "com.apple.product-type.bundle.unit-test";
		};
		BC64B7D71C6C56F300DE7780 /* scrollingNotationv4UITests */ = {
			isa = PBXNativeTarget;
			buildConfigurationList = BC64B7E71C6C56F300DE7780 /* Build configuration list for PBXNativeTarget "scrollingNotationv4UITests" */;
			buildPhases = (
				BC64B7D41C6C56F300DE7780 /* Sources */,
				BC64B7D51C6C56F300DE7780 /* Frameworks */,
				BC64B7D61C6C56F300DE7780 /* Resources */,
			);
			buildRules = (
			);
			dependencies = (
				BC64B7DA1C6C56F300DE7780 /* PBXTargetDependency */,
			);
			name = scrollingNotationv4UITests;
			productName = scrollingNotationv4UITests;
			productReference = BC64B7D81C6C56F300DE7780 /* scrollingNotationv4UITests.xctest */;
			productType = "com.apple.product-type.bundle.ui-testing";
		};
/* End PBXNativeTarget section */

/* Begin PBXProject section */
		BC64B7B11C6C56F200DE7780 /* Project object */ = {
			isa = PBXProject;
			attributes = {
				LastSwiftUpdateCheck = 0720;
				LastUpgradeCheck = 0720;
				ORGANIZATIONNAME = "brendan woods";
				TargetAttributes = {
					BC64B7B81C6C56F200DE7780 = {
						CreatedOnToolsVersion = 7.2;
						DevelopmentTeam = VEQC3TC385;
					};
					BC64B7CC1C6C56F300DE7780 = {
						CreatedOnToolsVersion = 7.2;
						DevelopmentTeam = VEQC3TC385;
						TestTargetID = BC64B7B81C6C56F200DE7780;
					};
					BC64B7D71C6C56F300DE7780 = {
						CreatedOnToolsVersion = 7.2;
						DevelopmentTeam = VEQC3TC385;
						TestTargetID = BC64B7B81C6C56F200DE7780;
					};
				};
			};
			buildConfigurationList = BC64B7B41C6C56F200DE7780 /* Build configuration list for PBXProject "scrollingNotationv4" */;
			compatibilityVersion = "Xcode 3.2";
			developmentRegion = English;
			hasScannedForEncodings = 0;
			knownRegions = (
				en,
				Base,
			);
			mainGroup = BC64B7B01C6C56F200DE7780;
			productRefGroup = BC64B7BA1C6C56F200DE7780 /* Products */;
			projectDirPath = "";
			projectRoot = "";
			targets = (
				BC64B7B81C6C56F200DE7780 /* scrollingNotationv4 */,
				BC64B7CC1C6C56F300DE7780 /* scrollingNotationv4Tests */,
				BC64B7D71C6C56F300DE7780 /* scrollingNotationv4UITests */,
			);
		};
/* End PBXProject section */

/* Begin PBXResourcesBuildPhase section */
		BC64B7B71C6C56F200DE7780 /* Resources */ = {
			isa = PBXResourcesBuildPhase;
			buildActionMask = 2147483647;
			files = (
				BCC046C61C85794500438E71 /* 40.mp3 in Resources */,
				BCFB088D1CAD905C00770AE3 /* logo80.png in Resources */,
				BCB038831C988BAB002A35D0 /* noteChart.png in Resources */,
				BCC046DE1C857D0D00438E71 /* 28.mp3 in Resources */,
				BCC046DF1C857D0D00438E71 /* 30.mp3 in Resources */,
				BCFB088A1CAD905C00770AE3 /* logo40.png in Resources */,
				BCB038851C98944F002A35D0 /* noteChartAltColors.png in Resources */,
				BCC046CA1C85794500438E71 /* 47.mp3 in Resources */,
				BCFB088B1CAD905C00770AE3 /* logo58.png in Resources */,
				BC64B7C71C6C56F200DE7780 /* LaunchScreen.storyboard in Resources */,
				BCEAB11A1C8150FF00929924 /* logo.png in Resources */,
				BCC046DC1C857D0D00438E71 /* 25.mp3 in Resources */,
				BC061F1A1CA323E400E231CD /* logo-gui-120.png in Resources */,
				BCC8F7771C79060700EAA645 /* treble.png in Resources */,
				BC64B7C41C6C56F200DE7780 /* Assets.xcassets in Resources */,
				BCC046E11C857D0D00438E71 /* 33.mp3 in Resources */,
				BCC046CF1C85794500438E71 /* 56.mp3 in Resources */,
				BCC046A21C85611C00438E71 /* Bubble.mp3 in Resources */,
				BCC046DB1C857D0D00438E71 /* 23.mp3 in Resources */,
				BCFB08901CAD905C00770AE3 /* logo152.png in Resources */,
				BCC046E31C857D0D00438E71 /* 37.mp3 in Resources */,
				BC64B7C21C6C56F200DE7780 /* Main.storyboard in Resources */,
				BCC046DD1C857D0D00438E71 /* 27.mp3 in Resources */,
				BCFB08911CAD905C00770AE3 /* logo167.png in Resources */,
				BCE74CEF1C7506F600FB4EC4 /* ovalNote.png in Resources */,
				BCC046C81C85794500438E71 /* 44.mp3 in Resources */,
				BC63FFE21CA37F4E009AAA56 /* logo29.png in Resources */,
				BC7DE2451CA2FA36006769B2 /* logo-1500-white.png in Resources */,
				BCC046E21C857D0D00438E71 /* 35.mp3 in Resources */,
				BCC046C71C85794500438E71 /* 42.mp3 in Resources */,
				BCFB088C1CAD905C00770AE3 /* logo76.png in Resources */,
				BC7495C61C924B3D0003D439 /* logo-1500-darkgreen1.png in Resources */,
				BCC046E41C857D0D00438E71 /* 39.mp3 in Resources */,
				BCC046CC1C85794500438E71 /* 51.mp3 in Resources */,
				BCC8F7761C79060700EAA645 /* bass.png in Resources */,
				BCC046CD1C85794500438E71 /* 52.mp3 in Resources */,
				BCFB08891CAD905C00770AE3 /* logo29.png in Resources */,
				BCC046E01C857D0D00438E71 /* 32.mp3 in Resources */,
				BCFB088F1CAD905C00770AE3 /* logo120.png in Resources */,
				BCC046C91C85794500438E71 /* 45.mp3 in Resources */,
				BC061F1B1CA323E400E231CD /* logo-gui-180.png in Resources */,
				BCC046CE1C85794500438E71 /* 54.mp3 in Resources */,
				BCC046D01C85794500438E71 /* 57.mp3 in Resources */,
				BCC046CB1C85794500438E71 /* 49.mp3 in Resources */,
				BCFB088E1CAD905C00770AE3 /* logo87.png in Resources */,
			);
			runOnlyForDeploymentPostprocessing = 0;
		};
		BC64B7CB1C6C56F300DE7780 /* Resources */ = {
			isa = PBXResourcesBuildPhase;
			buildActionMask = 2147483647;
			files = (
			);
			runOnlyForDeploymentPostprocessing = 0;
		};
		BC64B7D61C6C56F300DE7780 /* Resources */ = {
			isa = PBXResourcesBuildPhase;
			buildActionMask = 2147483647;
			files = (
			);
			runOnlyForDeploymentPostprocessing = 0;
		};
/* End PBXResourcesBuildPhase section */

/* Begin PBXShellScriptBuildPhase section */
		084DF754D41C3B4B92A96501 /* Check Pods Manifest.lock */ = {
			isa = PBXShellScriptBuildPhase;
			buildActionMask = 2147483647;
			files = (
			);
			inputPaths = (
			);
			name = "Check Pods Manifest.lock";
			outputPaths = (
			);
			runOnlyForDeploymentPostprocessing = 0;
			shellPath = /bin/sh;
			shellScript = "diff \"${PODS_ROOT}/../Podfile.lock\" \"${PODS_ROOT}/Manifest.lock\" > /dev/null\nif [[ $? != 0 ]] ; then\n    cat << EOM\nerror: The sandbox is not in sync with the Podfile.lock. Run 'pod install' or update your CocoaPods installation.\nEOM\n    exit 1\nfi\n";
			showEnvVarsInLog = 0;
		};
		82C622C1263290B4A46AD4C6 /* Embed Pods Frameworks */ = {
			isa = PBXShellScriptBuildPhase;
			buildActionMask = 2147483647;
			files = (
			);
			inputPaths = (
			);
			name = "Embed Pods Frameworks";
			outputPaths = (
			);
			runOnlyForDeploymentPostprocessing = 0;
			shellPath = /bin/sh;
			shellScript = "\"${SRCROOT}/Pods/Target Support Files/Pods-scrollingNotationv4/Pods-scrollingNotationv4-frameworks.sh\"\n";
			showEnvVarsInLog = 0;
		};
		EE6DEF373D22CE81E3CE029F /* Copy Pods Resources */ = {
			isa = PBXShellScriptBuildPhase;
			buildActionMask = 2147483647;
			files = (
			);
			inputPaths = (
			);
			name = "Copy Pods Resources";
			outputPaths = (
			);
			runOnlyForDeploymentPostprocessing = 0;
			shellPath = /bin/sh;
			shellScript = "\"${SRCROOT}/Pods/Target Support Files/Pods-scrollingNotationv4/Pods-scrollingNotationv4-resources.sh\"\n";
			showEnvVarsInLog = 0;
		};
/* End PBXShellScriptBuildPhase section */

/* Begin PBXSourcesBuildPhase section */
		BC64B7B51C6C56F200DE7780 /* Sources */ = {
			isa = PBXSourcesBuildPhase;
			buildActionMask = 2147483647;
			files = (
				BC8A43F21C9F90E6006F8A9D /* MultiplayerGameCell.swift in Sources */,
				BC69BAE81C90F00900347E55 /* CreateAccountViewController.swift in Sources */,
				BCC8F7731C77C58A00EAA645 /* MainMenuViewController.swift in Sources */,
				BC8A43EE1C9F6CCC006F8A9D /* MultiplayerMenuViewController.swift in Sources */,
				BC7E7AD41C96291B00042F7F /* LineChart.swift in Sources */,
				BC8A43F01C9F90B5006F8A9D /* MultiplayerGamesTableViewController.swift in Sources */,
				BC0928671C8F85F80096140F /* leadboardTableTableViewController.swift in Sources */,
				BC7E7AD11C9628EF00042F7F /* LeaderboardItem.swift in Sources */,
				BC7E7AD21C9628EF00042F7F /* OptionsViewController.swift in Sources */,
				BC64B7EB1C6C57C900DE7780 /* BlankStaff.swift in Sources */,
				BCD593D51CAB277B00F9411A /* GraphViewController.swift in Sources */,
				BCE74CF11C75156100FB4EC4 /* GameMenuViewController.swift in Sources */,
				BCE74CF51C75669200FB4EC4 /* LearningViewController.swift in Sources */,
				BC64B7BF1C6C56F200DE7780 /* GameViewController.swift in Sources */,
				BC64D3C01C9773210001F676 /* StatsViewController.swift in Sources */,
				BC64B7BD1C6C56F200DE7780 /* AppDelegate.swift in Sources */,
				BC69BAEA1C90F67C00347E55 /* SignInViewController.swift in Sources */,
				BCE74CF31C7562CD00FB4EC4 /* LearningMenuViewController.swift in Sources */,
				BC64B7EF1C6C607500DE7780 /* NoteLibrary.swift in Sources */,
			);
			runOnlyForDeploymentPostprocessing = 0;
		};
		BC64B7C91C6C56F300DE7780 /* Sources */ = {
			isa = PBXSourcesBuildPhase;
			buildActionMask = 2147483647;
			files = (
				BC64B7D21C6C56F300DE7780 /* scrollingNotationv4Tests.swift in Sources */,
			);
			runOnlyForDeploymentPostprocessing = 0;
		};
		BC64B7D41C6C56F300DE7780 /* Sources */ = {
			isa = PBXSourcesBuildPhase;
			buildActionMask = 2147483647;
			files = (
				BC64B7DD1C6C56F300DE7780 /* scrollingNotationv4UITests.swift in Sources */,
			);
			runOnlyForDeploymentPostprocessing = 0;
		};
/* End PBXSourcesBuildPhase section */

/* Begin PBXTargetDependency section */
		BC64B7CF1C6C56F300DE7780 /* PBXTargetDependency */ = {
			isa = PBXTargetDependency;
			target = BC64B7B81C6C56F200DE7780 /* scrollingNotationv4 */;
			targetProxy = BC64B7CE1C6C56F300DE7780 /* PBXContainerItemProxy */;
		};
		BC64B7DA1C6C56F300DE7780 /* PBXTargetDependency */ = {
			isa = PBXTargetDependency;
			target = BC64B7B81C6C56F200DE7780 /* scrollingNotationv4 */;
			targetProxy = BC64B7D91C6C56F300DE7780 /* PBXContainerItemProxy */;
		};
/* End PBXTargetDependency section */

/* Begin PBXVariantGroup section */
		BC64B7C01C6C56F200DE7780 /* Main.storyboard */ = {
			isa = PBXVariantGroup;
			children = (
				BC64B7C11C6C56F200DE7780 /* Base */,
			);
			name = Main.storyboard;
			sourceTree = "<group>";
		};
		BC64B7C51C6C56F200DE7780 /* LaunchScreen.storyboard */ = {
			isa = PBXVariantGroup;
			children = (
				BC64B7C61C6C56F200DE7780 /* Base */,
			);
			name = LaunchScreen.storyboard;
			sourceTree = "<group>";
		};
/* End PBXVariantGroup section */

/* Begin XCBuildConfiguration section */
		BC64B7DF1C6C56F300DE7780 /* Debug */ = {
			isa = XCBuildConfiguration;
			buildSettings = {
				ALWAYS_SEARCH_USER_PATHS = NO;
				CLANG_CXX_LANGUAGE_STANDARD = "gnu++0x";
				CLANG_CXX_LIBRARY = "libc++";
				CLANG_ENABLE_MODULES = YES;
				CLANG_ENABLE_OBJC_ARC = YES;
				CLANG_WARN_BOOL_CONVERSION = YES;
				CLANG_WARN_CONSTANT_CONVERSION = YES;
				CLANG_WARN_DIRECT_OBJC_ISA_USAGE = YES_ERROR;
				CLANG_WARN_EMPTY_BODY = YES;
				CLANG_WARN_ENUM_CONVERSION = YES;
				CLANG_WARN_INT_CONVERSION = YES;
				CLANG_WARN_OBJC_ROOT_CLASS = YES_ERROR;
				CLANG_WARN_UNREACHABLE_CODE = YES;
				CLANG_WARN__DUPLICATE_METHOD_MATCH = YES;
				"CODE_SIGN_IDENTITY[sdk=iphoneos*]" = "iPhone Developer";
				COPY_PHASE_STRIP = NO;
				DEBUG_INFORMATION_FORMAT = dwarf;
				ENABLE_STRICT_OBJC_MSGSEND = YES;
				ENABLE_TESTABILITY = YES;
				GCC_C_LANGUAGE_STANDARD = gnu99;
				GCC_DYNAMIC_NO_PIC = NO;
				GCC_NO_COMMON_BLOCKS = YES;
				GCC_OPTIMIZATION_LEVEL = 0;
				GCC_PREPROCESSOR_DEFINITIONS = (
					"DEBUG=1",
					"$(inherited)",
				);
				GCC_WARN_64_TO_32_BIT_CONVERSION = YES;
				GCC_WARN_ABOUT_RETURN_TYPE = YES_ERROR;
				GCC_WARN_UNDECLARED_SELECTOR = YES;
				GCC_WARN_UNINITIALIZED_AUTOS = YES_AGGRESSIVE;
				GCC_WARN_UNUSED_FUNCTION = YES;
				GCC_WARN_UNUSED_VARIABLE = YES;
				IPHONEOS_DEPLOYMENT_TARGET = 9.2;
				MTL_ENABLE_DEBUG_INFO = YES;
				ONLY_ACTIVE_ARCH = YES;
				SDKROOT = iphoneos;
				SWIFT_OPTIMIZATION_LEVEL = "-Onone";
				TARGETED_DEVICE_FAMILY = "1,2";
			};
			name = Debug;
		};
		BC64B7E01C6C56F300DE7780 /* Release */ = {
			isa = XCBuildConfiguration;
			buildSettings = {
				ALWAYS_SEARCH_USER_PATHS = NO;
				CLANG_CXX_LANGUAGE_STANDARD = "gnu++0x";
				CLANG_CXX_LIBRARY = "libc++";
				CLANG_ENABLE_MODULES = YES;
				CLANG_ENABLE_OBJC_ARC = YES;
				CLANG_WARN_BOOL_CONVERSION = YES;
				CLANG_WARN_CONSTANT_CONVERSION = YES;
				CLANG_WARN_DIRECT_OBJC_ISA_USAGE = YES_ERROR;
				CLANG_WARN_EMPTY_BODY = YES;
				CLANG_WARN_ENUM_CONVERSION = YES;
				CLANG_WARN_INT_CONVERSION = YES;
				CLANG_WARN_OBJC_ROOT_CLASS = YES_ERROR;
				CLANG_WARN_UNREACHABLE_CODE = YES;
				CLANG_WARN__DUPLICATE_METHOD_MATCH = YES;
				"CODE_SIGN_IDENTITY[sdk=iphoneos*]" = "iPhone Developer";
				COPY_PHASE_STRIP = NO;
				DEBUG_INFORMATION_FORMAT = "dwarf-with-dsym";
				ENABLE_NS_ASSERTIONS = NO;
				ENABLE_STRICT_OBJC_MSGSEND = YES;
				GCC_C_LANGUAGE_STANDARD = gnu99;
				GCC_NO_COMMON_BLOCKS = YES;
				GCC_WARN_64_TO_32_BIT_CONVERSION = YES;
				GCC_WARN_ABOUT_RETURN_TYPE = YES_ERROR;
				GCC_WARN_UNDECLARED_SELECTOR = YES;
				GCC_WARN_UNINITIALIZED_AUTOS = YES_AGGRESSIVE;
				GCC_WARN_UNUSED_FUNCTION = YES;
				GCC_WARN_UNUSED_VARIABLE = YES;
				IPHONEOS_DEPLOYMENT_TARGET = 9.2;
				MTL_ENABLE_DEBUG_INFO = NO;
				SDKROOT = iphoneos;
				TARGETED_DEVICE_FAMILY = "1,2";
				VALIDATE_PRODUCT = YES;
			};
			name = Release;
		};
		BC64B7E21C6C56F300DE7780 /* Debug */ = {
			isa = XCBuildConfiguration;
			baseConfigurationReference = 83BFEF0AB207ED3D6629C939 /* Pods-scrollingNotationv4.debug.xcconfig */;
			buildSettings = {
				ASSETCATALOG_COMPILER_APPICON_NAME = AppIcon;
				ENABLE_BITCODE = NO;
				FRAMEWORK_SEARCH_PATHS = (
					"$(inherited)",
					"$(PROJECT_DIR)/build/Debug-iphoneos",
				);
				INFOPLIST_FILE = scrollingNotationv4/Info.plist;
				LD_RUNPATH_SEARCH_PATHS = "$(inherited) @executable_path/Frameworks";
				PRODUCT_BUNDLE_IDENTIFIER = com.brendanwoods.noteBrainer;
				PRODUCT_NAME = NoteBrainer;
			};
			name = Debug;
		};
		BC64B7E31C6C56F300DE7780 /* Release */ = {
			isa = XCBuildConfiguration;
			baseConfigurationReference = FF6CD2A6DD5CF5657E3991B3 /* Pods-scrollingNotationv4.release.xcconfig */;
			buildSettings = {
				ASSETCATALOG_COMPILER_APPICON_NAME = AppIcon;
				ENABLE_BITCODE = NO;
				FRAMEWORK_SEARCH_PATHS = (
					"$(inherited)",
					"$(PROJECT_DIR)/build/Debug-iphoneos",
				);
				INFOPLIST_FILE = scrollingNotationv4/Info.plist;
				LD_RUNPATH_SEARCH_PATHS = "$(inherited) @executable_path/Frameworks";
				PRODUCT_BUNDLE_IDENTIFIER = com.brendanwoods.noteBrainer;
				PRODUCT_NAME = NoteBrainer;
				SWIFT_OPTIMIZATION_LEVEL = "-O";
			};
			name = Release;
		};
		BC64B7E51C6C56F300DE7780 /* Debug */ = {
			isa = XCBuildConfiguration;
			buildSettings = {
				BUNDLE_LOADER = "$(TEST_HOST)";
				INFOPLIST_FILE = scrollingNotationv4Tests/Info.plist;
				LD_RUNPATH_SEARCH_PATHS = "$(inherited) @executable_path/Frameworks @loader_path/Frameworks";
				PRODUCT_BUNDLE_IDENTIFIER = com.brendanwoods.scrollingNotationv4Tests;
				PRODUCT_NAME = "$(TARGET_NAME)";
				TEST_HOST = "$(BUILT_PRODUCTS_DIR)/scrollingNotationv4.app/scrollingNotationv4";
			};
			name = Debug;
		};
		BC64B7E61C6C56F300DE7780 /* Release */ = {
			isa = XCBuildConfiguration;
			buildSettings = {
				BUNDLE_LOADER = "$(TEST_HOST)";
				INFOPLIST_FILE = scrollingNotationv4Tests/Info.plist;
				LD_RUNPATH_SEARCH_PATHS = "$(inherited) @executable_path/Frameworks @loader_path/Frameworks";
				PRODUCT_BUNDLE_IDENTIFIER = com.brendanwoods.scrollingNotationv4Tests;
				PRODUCT_NAME = "$(TARGET_NAME)";
				TEST_HOST = "$(BUILT_PRODUCTS_DIR)/scrollingNotationv4.app/scrollingNotationv4";
			};
			name = Release;
		};
		BC64B7E81C6C56F300DE7780 /* Debug */ = {
			isa = XCBuildConfiguration;
			buildSettings = {
				"CODE_SIGN_ENTITLEMENTS[sdk=*]" = "";
				INFOPLIST_FILE = scrollingNotationv4UITests/Info.plist;
				LD_RUNPATH_SEARCH_PATHS = "$(inherited) @executable_path/Frameworks @loader_path/Frameworks";
				PRODUCT_BUNDLE_IDENTIFIER = com.brendanwoods.scrollingNotationv4UITests;
				PRODUCT_NAME = "$(TARGET_NAME)";
				TEST_TARGET_NAME = scrollingNotationv4;
				USES_XCTRUNNER = YES;
			};
			name = Debug;
		};
		BC64B7E91C6C56F300DE7780 /* Release */ = {
			isa = XCBuildConfiguration;
			buildSettings = {
				INFOPLIST_FILE = scrollingNotationv4UITests/Info.plist;
				LD_RUNPATH_SEARCH_PATHS = "$(inherited) @executable_path/Frameworks @loader_path/Frameworks";
				PRODUCT_BUNDLE_IDENTIFIER = com.brendanwoods.scrollingNotationv4UITests;
				PRODUCT_NAME = "$(TARGET_NAME)";
				TEST_TARGET_NAME = scrollingNotationv4;
				USES_XCTRUNNER = YES;
			};
			name = Release;
		};
/* End XCBuildConfiguration section */

/* Begin XCConfigurationList section */
		BC64B7B41C6C56F200DE7780 /* Build configuration list for PBXProject "scrollingNotationv4" */ = {
			isa = XCConfigurationList;
			buildConfigurations = (
				BC64B7DF1C6C56F300DE7780 /* Debug */,
				BC64B7E01C6C56F300DE7780 /* Release */,
			);
			defaultConfigurationIsVisible = 0;
			defaultConfigurationName = Release;
		};
		BC64B7E11C6C56F300DE7780 /* Build configuration list for PBXNativeTarget "scrollingNotationv4" */ = {
			isa = XCConfigurationList;
			buildConfigurations = (
				BC64B7E21C6C56F300DE7780 /* Debug */,
				BC64B7E31C6C56F300DE7780 /* Release */,
			);
			defaultConfigurationIsVisible = 0;
			defaultConfigurationName = Release;
		};
		BC64B7E41C6C56F300DE7780 /* Build configuration list for PBXNativeTarget "scrollingNotationv4Tests" */ = {
			isa = XCConfigurationList;
			buildConfigurations = (
				BC64B7E51C6C56F300DE7780 /* Debug */,
				BC64B7E61C6C56F300DE7780 /* Release */,
			);
			defaultConfigurationIsVisible = 0;
			defaultConfigurationName = Release;
		};
		BC64B7E71C6C56F300DE7780 /* Build configuration list for PBXNativeTarget "scrollingNotationv4UITests" */ = {
			isa = XCConfigurationList;
			buildConfigurations = (
				BC64B7E81C6C56F300DE7780 /* Debug */,
				BC64B7E91C6C56F300DE7780 /* Release */,
			);
			defaultConfigurationIsVisible = 0;
			defaultConfigurationName = Release;
		};
/* End XCConfigurationList section */
	};
	rootObject = BC64B7B11C6C56F200DE7780 /* Project object */;
}
