// !$*UTF8*$!
{
	archiveVersion = 1;
	classes = {
	};
	objectVersion = 46;
	objects = {

/* Begin PBXBuildFile section */
		BC64B7BD1C6C56F200DE7780 /* AppDelegate.swift in Sources */ = {isa = PBXBuildFile; fileRef = BC64B7BC1C6C56F200DE7780 /* AppDelegate.swift */; };
		BC64B7BF1C6C56F200DE7780 /* ViewController.swift in Sources */ = {isa = PBXBuildFile; fileRef = BC64B7BE1C6C56F200DE7780 /* ViewController.swift */; };
		BC64B7C21C6C56F200DE7780 /* Main.storyboard in Resources */ = {isa = PBXBuildFile; fileRef = BC64B7C01C6C56F200DE7780 /* Main.storyboard */; };
		BC64B7C41C6C56F200DE7780 /* Assets.xcassets in Resources */ = {isa = PBXBuildFile; fileRef = BC64B7C31C6C56F200DE7780 /* Assets.xcassets */; };
		BC64B7C71C6C56F200DE7780 /* LaunchScreen.storyboard in Resources */ = {isa = PBXBuildFile; fileRef = BC64B7C51C6C56F200DE7780 /* LaunchScreen.storyboard */; };
		BC64B7D21C6C56F300DE7780 /* scrollingNotationv4Tests.swift in Sources */ = {isa = PBXBuildFile; fileRef = BC64B7D11C6C56F300DE7780 /* scrollingNotationv4Tests.swift */; };
		BC64B7DD1C6C56F300DE7780 /* scrollingNotationv4UITests.swift in Sources */ = {isa = PBXBuildFile; fileRef = BC64B7DC1C6C56F300DE7780 /* scrollingNotationv4UITests.swift */; };
		BC64B7EB1C6C57C900DE7780 /* BlankStaff.swift in Sources */ = {isa = PBXBuildFile; fileRef = BC64B7EA1C6C57C900DE7780 /* BlankStaff.swift */; };
		BC64B7EF1C6C607500DE7780 /* NoteLibrary.swift in Sources */ = {isa = PBXBuildFile; fileRef = BC64B7EE1C6C607500DE7780 /* NoteLibrary.swift */; };
		BCE74CEF1C7506F600FB4EC4 /* ovalNote.png in Resources */ = {isa = PBXBuildFile; fileRef = BCE74CEE1C7506F600FB4EC4 /* ovalNote.png */; };
/* End PBXBuildFile section */

/* Begin PBXContainerItemProxy section */
		BC64B7CE1C6C56F300DE7780 /* PBXContainerItemProxy */ = {
			isa = PBXContainerItemProxy;
			containerPortal = BC64B7B11C6C56F200DE7780 /* Project object */;
			proxyType = 1;
			remoteGlobalIDString = BC64B7B81C6C56F200DE7780;
			remoteInfo = scrollingNotationv4;
		};
		BC64B7D91C6C56F300DE7780 /* PBXContainerItemProxy */ = {
			isa = PBXContainerItemProxy;
			containerPortal = BC64B7B11C6C56F200DE7780 /* Project object */;
			proxyType = 1;
			remoteGlobalIDString = BC64B7B81C6C56F200DE7780;
			remoteInfo = scrollingNotationv4;
		};
/* End PBXContainerItemProxy section */

/* Begin PBXFileReference section */
		BC64B7B91C6C56F200DE7780 /* scrollingNotationv4.app */ = {isa = PBXFileReference; explicitFileType = wrapper.application; includeInIndex = 0; path = scrollingNotationv4.app; sourceTree = BUILT_PRODUCTS_DIR; };
		BC64B7BC1C6C56F200DE7780 /* AppDelegate.swift */ = {isa = PBXFileReference; lastKnownFileType = sourcecode.swift; path = AppDelegate.swift; sourceTree = "<group>"; };
		BC64B7BE1C6C56F200DE7780 /* ViewController.swift */ = {isa = PBXFileReference; lastKnownFileType = sourcecode.swift; path = ViewController.swift; sourceTree = "<group>"; };
		BC64B7C11C6C56F200DE7780 /* Base */ = {isa = PBXFileReference; lastKnownFileType = file.storyboard; name = Base; path = Base.lproj/Main.storyboard; sourceTree = "<group>"; };
		BC64B7C31C6C56F200DE7780 /* Assets.xcassets */ = {isa = PBXFileReference; lastKnownFileType = folder.assetcatalog; path = Assets.xcassets; sourceTree = "<group>"; };
		BC64B7C61C6C56F200DE7780 /* Base */ = {isa = PBXFileReference; lastKnownFileType = file.storyboard; name = Base; path = Base.lproj/LaunchScreen.storyboard; sourceTree = "<group>"; };
		BC64B7C81C6C56F200DE7780 /* Info.plist */ = {isa = PBXFileReference; lastKnownFileType = text.plist.xml; path = Info.plist; sourceTree = "<group>"; };
		BC64B7CD1C6C56F300DE7780 /* scrollingNotationv4Tests.xctest */ = {isa = PBXFileReference; explicitFileType = wrapper.cfbundle; includeInIndex = 0; path = scrollingNotationv4Tests.xctest; sourceTree = BUILT_PRODUCTS_DIR; };
		BC64B7D11C6C56F300DE7780 /* scrollingNotationv4Tests.swift */ = {isa = PBXFileReference; lastKnownFileType = sourcecode.swift; path = scrollingNotationv4Tests.swift; sourceTree = "<group>"; };
		BC64B7D31C6C56F300DE7780 /* Info.plist */ = {isa = PBXFileReference; lastKnownFileType = text.plist.xml; path = Info.plist; sourceTree = "<group>"; };
		BC64B7D81C6C56F300DE7780 /* scrollingNotationv4UITests.xctest */ = {isa = PBXFileReference; explicitFileType = wrapper.cfbundle; includeInIndex = 0; path = scrollingNotationv4UITests.xctest; sourceTree = BUILT_PRODUCTS_DIR; };
		BC64B7DC1C6C56F300DE7780 /* scrollingNotationv4UITests.swift */ = {isa = PBXFileReference; lastKnownFileType = sourcecode.swift; path = scrollingNotationv4UITests.swift; sourceTree = "<group>"; };
		BC64B7DE1C6C56F300DE7780 /* Info.plist */ = {isa = PBXFileReference; lastKnownFileType = text.plist.xml; path = Info.plist; sourceTree = "<group>"; };
		BC64B7EA1C6C57C900DE7780 /* BlankStaff.swift */ = {isa = PBXFileReference; fileEncoding = 4; lastKnownFileType = sourcecode.swift; path = BlankStaff.swift; sourceTree = "<group>"; };
		BC64B7EE1C6C607500DE7780 /* NoteLibrary.swift */ = {isa = PBXFileReference; fileEncoding = 4; lastKnownFileType = sourcecode.swift; path = NoteLibrary.swift; sourceTree = "<group>"; };
		BCE74CEE1C7506F600FB4EC4 /* ovalNote.png */ = {isa = PBXFileReference; lastKnownFileType = image.png; path = ovalNote.png; sourceTree = "<group>"; };
/* End PBXFileReference section */

/* Begin PBXFrameworksBuildPhase section */
		BC64B7B61C6C56F200DE7780 /* Frameworks */ = {
			isa = PBXFrameworksBuildPhase;
			buildActionMask = 2147483647;
			files = (
			);
			runOnlyForDeploymentPostprocessing = 0;
		};
		BC64B7CA1C6C56F300DE7780 /* Frameworks */ = {
			isa = PBXFrameworksBuildPhase;
			buildActionMask = 2147483647;
			files = (
			);
			runOnlyForDeploymentPostprocessing = 0;
		};
		BC64B7D51C6C56F300DE7780 /* Frameworks */ = {
			isa = PBXFrameworksBuildPhase;
			buildActionMask = 2147483647;
			files = (
			);
			runOnlyForDeploymentPostprocessing = 0;
		};
/* End PBXFrameworksBuildPhase section */

/* Begin PBXGroup section */
		BC64B7B01C6C56F200DE7780 = {
			isa = PBXGroup;
			children = (
				BC64B7BB1C6C56F200DE7780 /* scrollingNotationv4 */,
				BC64B7D01C6C56F300DE7780 /* scrollingNotationv4Tests */,
				BC64B7DB1C6C56F300DE7780 /* scrollingNotationv4UITests */,
				BC64B7BA1C6C56F200DE7780 /* Products */,
			);
			sourceTree = "<group>";
		};
		BC64B7BA1C6C56F200DE7780 /* Products */ = {
			isa = PBXGroup;
			children = (
				BC64B7B91C6C56F200DE7780 /* scrollingNotationv4.app */,
				BC64B7CD1C6C56F300DE7780 /* scrollingNotationv4Tests.xctest */,
				BC64B7D81C6C56F300DE7780 /* scrollingNotationv4UITests.xctest */,
			);
			name = Products;
			sourceTree = "<group>";
		};
		BC64B7BB1C6C56F200DE7780 /* scrollingNotationv4 */ = {
			isa = PBXGroup;
			children = (
				BC64B7BC1C6C56F200DE7780 /* AppDelegate.swift */,
				BC64B7BE1C6C56F200DE7780 /* ViewController.swift */,
				BC64B7EA1C6C57C900DE7780 /* BlankStaff.swift */,
				BC64B7EE1C6C607500DE7780 /* NoteLibrary.swift */,
				BC64B7C01C6C56F200DE7780 /* Main.storyboard */,
				BC64B7C31C6C56F200DE7780 /* Assets.xcassets */,
				BC64B7C51C6C56F200DE7780 /* LaunchScreen.storyboard */,
				BC64B7C81C6C56F200DE7780 /* Info.plist */,
				BCE74CEE1C7506F600FB4EC4 /* ovalNote.png */,
			);
			path = scrollingNotationv4;
			sourceTree = "<group>";
		};
		BC64B7D01C6C56F300DE7780 /* scrollingNotationv4Tests */ = {
			isa = PBXGroup;
			children = (
				BC64B7D11C6C56F300DE7780 /* scrollingNotationv4Tests.swift */,
				BC64B7D31C6C56F300DE7780 /* Info.plist */,
			);
			path = scrollingNotationv4Tests;
			sourceTree = "<group>";
		};
		BC64B7DB1C6C56F300DE7780 /* scrollingNotationv4UITests */ = {
			isa = PBXGroup;
			children = (
				BC64B7DC1C6C56F300DE7780 /* scrollingNotationv4UITests.swift */,
				BC64B7DE1C6C56F300DE7780 /* Info.plist */,
			);
			path = scrollingNotationv4UITests;
			sourceTree = "<group>";
		};
/* End PBXGroup section */

/* Begin PBXNativeTarget section */
		BC64B7B81C6C56F200DE7780 /* scrollingNotationv4 */ = {
			isa = PBXNativeTarget;
			buildConfigurationList = BC64B7E11C6C56F300DE7780 /* Build configuration list for PBXNativeTarget "scrollingNotationv4" */;
			buildPhases = (
				BC64B7B51C6C56F200DE7780 /* Sources */,
				BC64B7B61C6C56F200DE7780 /* Frameworks */,
				BC64B7B71C6C56F200DE7780 /* Resources */,
			);
			buildRules = (
			);
			dependencies = (
			);
			name = scrollingNotationv4;
			productName = scrollingNotationv4;
			productReference = BC64B7B91C6C56F200DE7780 /* scrollingNotationv4.app */;
			productType = "com.apple.product-type.application";
		};
		BC64B7CC1C6C56F300DE7780 /* scrollingNotationv4Tests */ = {
			isa = PBXNativeTarget;
			buildConfigurationList = BC64B7E41C6C56F300DE7780 /* Build configuration list for PBXNativeTarget "scrollingNotationv4Tests" */;
			buildPhases = (
				BC64B7C91C6C56F300DE7780 /* Sources */,
				BC64B7CA1C6C56F300DE7780 /* Frameworks */,
				BC64B7CB1C6C56F300DE7780 /* Resources */,
			);
			buildRules = (
			);
			dependencies = (
				BC64B7CF1C6C56F300DE7780 /* PBXTargetDependency */,
			);
			name = scrollingNotationv4Tests;
			productName = scrollingNotationv4Tests;
			productReference = BC64B7CD1C6C56F300DE7780 /* scrollingNotationv4Tests.xctest */;
			productType = "com.apple.product-type.bundle.unit-test";
		};
		BC64B7D71C6C56F300DE7780 /* scrollingNotationv4UITests */ = {
			isa = PBXNativeTarget;
			buildConfigurationList = BC64B7E71C6C56F300DE7780 /* Build configuration list for PBXNativeTarget "scrollingNotationv4UITests" */;
			buildPhases = (
				BC64B7D41C6C56F300DE7780 /* Sources */,
				BC64B7D51C6C56F300DE7780 /* Frameworks */,
				BC64B7D61C6C56F300DE7780 /* Resources */,
			);
			buildRules = (
			);
			dependencies = (
				BC64B7DA1C6C56F300DE7780 /* PBXTargetDependency */,
			);
			name = scrollingNotationv4UITests;
			productName = scrollingNotationv4UITests;
			productReference = BC64B7D81C6C56F300DE7780 /* scrollingNotationv4UITests.xctest */;
			productType = "com.apple.product-type.bundle.ui-testing";
		};
/* End PBXNativeTarget section */

/* Begin PBXProject section */
		BC64B7B11C6C56F200DE7780 /* Project object */ = {
			isa = PBXProject;
			attributes = {
				LastSwiftUpdateCheck = 0720;
				LastUpgradeCheck = 0720;
				ORGANIZATIONNAME = "brendan woods";
				TargetAttributes = {
					BC64B7B81C6C56F200DE7780 = {
						CreatedOnToolsVersion = 7.2;
						DevelopmentTeam = VEQC3TC385;
					};
					BC64B7CC1C6C56F300DE7780 = {
						CreatedOnToolsVersion = 7.2;
						DevelopmentTeam = VEQC3TC385;
						TestTargetID = BC64B7B81C6C56F200DE7780;
					};
					BC64B7D71C6C56F300DE7780 = {
						CreatedOnToolsVersion = 7.2;
						DevelopmentTeam = VEQC3TC385;
						TestTargetID = BC64B7B81C6C56F200DE7780;
					};
				};
			};
			buildConfigurationList = BC64B7B41C6C56F200DE7780 /* Build configuration list for PBXProject "scrollingNotationv4" */;
			compatibilityVersion = "Xcode 3.2";
			developmentRegion = English;
			hasScannedForEncodings = 0;
			knownRegions = (
				en,
				Base,
			);
			mainGroup = BC64B7B01C6C56F200DE7780;
			productRefGroup = BC64B7BA1C6C56F200DE7780 /* Products */;
			projectDirPath = "";
			projectRoot = "";
			targets = (
				BC64B7B81C6C56F200DE7780 /* scrollingNotationv4 */,
				BC64B7CC1C6C56F300DE7780 /* scrollingNotationv4Tests */,
				BC64B7D71C6C56F300DE7780 /* scrollingNotationv4UITests */,
			);
		};
/* End PBXProject section */

/* Begin PBXResourcesBuildPhase section */
		BC64B7B71C6C56F200DE7780 /* Resources */ = {
			isa = PBXResourcesBuildPhase;
			buildActionMask = 2147483647;
			files = (
				BC64B7C71C6C56F200DE7780 /* LaunchScreen.storyboard in Resources */,
				BC64B7C41C6C56F200DE7780 /* Assets.xcassets in Resources */,
				BC64B7C21C6C56F200DE7780 /* Main.storyboard in Resources */,
				BCE74CEF1C7506F600FB4EC4 /* ovalNote.png in Resources */,
			);
			runOnlyForDeploymentPostprocessing = 0;
		};
		BC64B7CB1C6C56F300DE7780 /* Resources */ = {
			isa = PBXResourcesBuildPhase;
			buildActionMask = 2147483647;
			files = (
			);
			runOnlyForDeploymentPostprocessing = 0;
		};
		BC64B7D61C6C56F300DE7780 /* Resources */ = {
			isa = PBXResourcesBuildPhase;
			buildActionMask = 2147483647;
			files = (
			);
			runOnlyForDeploymentPostprocessing = 0;
		};
/* End PBXResourcesBuildPhase section */

/* Begin PBXSourcesBuildPhase section */
		BC64B7B51C6C56F200DE7780 /* Sources */ = {
			isa = PBXSourcesBuildPhase;
			buildActionMask = 2147483647;
			files = (
				BC64B7EB1C6C57C900DE7780 /* BlankStaff.swift in Sources */,
				BC64B7BF1C6C56F200DE7780 /* ViewController.swift in Sources */,
				BC64B7BD1C6C56F200DE7780 /* AppDelegate.swift in Sources */,
				BC64B7EF1C6C607500DE7780 /* NoteLibrary.swift in Sources */,
			);
			runOnlyForDeploymentPostprocessing = 0;
		};
		BC64B7C91C6C56F300DE7780 /* Sources */ = {
			isa = PBXSourcesBuildPhase;
			buildActionMask = 2147483647;
			files = (
				BC64B7D21C6C56F300DE7780 /* scrollingNotationv4Tests.swift in Sources */,
			);
			runOnlyForDeploymentPostprocessing = 0;
		};
		BC64B7D41C6C56F300DE7780 /* Sources */ = {
			isa = PBXSourcesBuildPhase;
			buildActionMask = 2147483647;
			files = (
				BC64B7DD1C6C56F300DE7780 /* scrollingNotationv4UITests.swift in Sources */,
			);
			runOnlyForDeploymentPostprocessing = 0;
		};
/* End PBXSourcesBuildPhase section */

/* Begin PBXTargetDependency section */
		BC64B7CF1C6C56F300DE7780 /* PBXTargetDependency */ = {
			isa = PBXTargetDependency;
			target = BC64B7B81C6C56F200DE7780 /* scrollingNotationv4 */;
			targetProxy = BC64B7CE1C6C56F300DE7780 /* PBXContainerItemProxy */;
		};
		BC64B7DA1C6C56F300DE7780 /* PBXTargetDependency */ = {
			isa = PBXTargetDependency;
			target = BC64B7B81C6C56F200DE7780 /* scrollingNotationv4 */;
			targetProxy = BC64B7D91C6C56F300DE7780 /* PBXContainerItemProxy */;
		};
/* End PBXTargetDependency section */

/* Begin PBXVariantGroup section */
		BC64B7C01C6C56F200DE7780 /* Main.storyboard */ = {
			isa = PBXVariantGroup;
			children = (
				BC64B7C11C6C56F200DE7780 /* Base */,
			);
			name = Main.storyboard;
			sourceTree = "<group>";
		};
		BC64B7C51C6C56F200DE7780 /* LaunchScreen.storyboard */ = {
			isa = PBXVariantGroup;
			children = (
				BC64B7C61C6C56F200DE7780 /* Base */,
			);
			name = LaunchScreen.storyboard;
			sourceTree = "<group>";
		};
/* End PBXVariantGroup section */

/* Begin XCBuildConfiguration section */
		BC64B7DF1C6C56F300DE7780 /* Debug */ = {
			isa = XCBuildConfiguration;
			buildSettings = {
				ALWAYS_SEARCH_USER_PATHS = NO;
				CLANG_CXX_LANGUAGE_STANDARD = "gnu++0x";
				CLANG_CXX_LIBRARY = "libc++";
				CLANG_ENABLE_MODULES = YES;
				CLANG_ENABLE_OBJC_ARC = YES;
				CLANG_WARN_BOOL_CONVERSION = YES;
				CLANG_WARN_CONSTANT_CONVERSION = YES;
				CLANG_WARN_DIRECT_OBJC_ISA_USAGE = YES_ERROR;
				CLANG_WARN_EMPTY_BODY = YES;
				CLANG_WARN_ENUM_CONVERSION = YES;
				CLANG_WARN_INT_CONVERSION = YES;
				CLANG_WARN_OBJC_ROOT_CLASS = YES_ERROR;
				CLANG_WARN_UNREACHABLE_CODE = YES;
				CLANG_WARN__DUPLICATE_METHOD_MATCH = YES;
				"CODE_SIGN_IDENTITY[sdk=iphoneos*]" = "iPhone Developer";
				COPY_PHASE_STRIP = NO;
				DEBUG_INFORMATION_FORMAT = dwarf;
				ENABLE_STRICT_OBJC_MSGSEND = YES;
				ENABLE_TESTABILITY = YES;
				GCC_C_LANGUAGE_STANDARD = gnu99;
				GCC_DYNAMIC_NO_PIC = NO;
				GCC_NO_COMMON_BLOCKS = YES;
				GCC_OPTIMIZATION_LEVEL = 0;
				GCC_PREPROCESSOR_DEFINITIONS = (
					"DEBUG=1",
					"$(inherited)",
				);
				GCC_WARN_64_TO_32_BIT_CONVERSION = YES;
				GCC_WARN_ABOUT_RETURN_TYPE = YES_ERROR;
				GCC_WARN_UNDECLARED_SELECTOR = YES;
				GCC_WARN_UNINITIALIZED_AUTOS = YES_AGGRESSIVE;
				GCC_WARN_UNUSED_FUNCTION = YES;
				GCC_WARN_UNUSED_VARIABLE = YES;
				IPHONEOS_DEPLOYMENT_TARGET = 9.2;
				MTL_ENABLE_DEBUG_INFO = YES;
				ONLY_ACTIVE_ARCH = YES;
				SDKROOT = iphoneos;
				SWIFT_OPTIMIZATION_LEVEL = "-Onone";
				TARGETED_DEVICE_FAMILY = "1,2";
			};
			name = Debug;
		};
		BC64B7E01C6C56F300DE7780 /* Release */ = {
			isa = XCBuildConfiguration;
			buildSettings = {
				ALWAYS_SEARCH_USER_PATHS = NO;
				CLANG_CXX_LANGUAGE_STANDARD = "gnu++0x";
				CLANG_CXX_LIBRARY = "libc++";
				CLANG_ENABLE_MODULES = YES;
				CLANG_ENABLE_OBJC_ARC = YES;
				CLANG_WARN_BOOL_CONVERSION = YES;
				CLANG_WARN_CONSTANT_CONVERSION = YES;
				CLANG_WARN_DIRECT_OBJC_ISA_USAGE = YES_ERROR;
				CLANG_WARN_EMPTY_BODY = YES;
				CLANG_WARN_ENUM_CONVERSION = YES;
				CLANG_WARN_INT_CONVERSION = YES;
				CLANG_WARN_OBJC_ROOT_CLASS = YES_ERROR;
				CLANG_WARN_UNREACHABLE_CODE = YES;
				CLANG_WARN__DUPLICATE_METHOD_MATCH = YES;
				"CODE_SIGN_IDENTITY[sdk=iphoneos*]" = "iPhone Developer";
				COPY_PHASE_STRIP = NO;
				DEBUG_INFORMATION_FORMAT = "dwarf-with-dsym";
				ENABLE_NS_ASSERTIONS = NO;
				ENABLE_STRICT_OBJC_MSGSEND = YES;
				GCC_C_LANGUAGE_STANDARD = gnu99;
				GCC_NO_COMMON_BLOCKS = YES;
				GCC_WARN_64_TO_32_BIT_CONVERSION = YES;
				GCC_WARN_ABOUT_RETURN_TYPE = YES_ERROR;
				GCC_WARN_UNDECLARED_SELECTOR = YES;
				GCC_WARN_UNINITIALIZED_AUTOS = YES_AGGRESSIVE;
				GCC_WARN_UNUSED_FUNCTION = YES;
				GCC_WARN_UNUSED_VARIABLE = YES;
				IPHONEOS_DEPLOYMENT_TARGET = 9.2;
				MTL_ENABLE_DEBUG_INFO = NO;
				SDKROOT = iphoneos;
				TARGETED_DEVICE_FAMILY = "1,2";
				VALIDATE_PRODUCT = YES;
			};
			name = Release;
		};
		BC64B7E21C6C56F300DE7780 /* Debug */ = {
			isa = XCBuildConfiguration;
			buildSettings = {
				ASSETCATALOG_COMPILER_APPICON_NAME = AppIcon;
				INFOPLIST_FILE = scrollingNotationv4/Info.plist;
				LD_RUNPATH_SEARCH_PATHS = "$(inherited) @executable_path/Frameworks";
				PRODUCT_BUNDLE_IDENTIFIER = com.brendanwoods.scrollingNotationv4;
				PRODUCT_NAME = "$(TARGET_NAME)";
			};
			name = Debug;
		};
		BC64B7E31C6C56F300DE7780 /* Release */ = {
			isa = XCBuildConfiguration;
			buildSettings = {
				ASSETCATALOG_COMPILER_APPICON_NAME = AppIcon;
				INFOPLIST_FILE = scrollingNotationv4/Info.plist;
				LD_RUNPATH_SEARCH_PATHS = "$(inherited) @executable_path/Frameworks";
				PRODUCT_BUNDLE_IDENTIFIER = com.brendanwoods.scrollingNotationv4;
				PRODUCT_NAME = "$(TARGET_NAME)";
			};
			name = Release;
		};
		BC64B7E51C6C56F300DE7780 /* Debug */ = {
			isa = XCBuildConfiguration;
			buildSettings = {
				BUNDLE_LOADER = "$(TEST_HOST)";
				INFOPLIST_FILE = scrollingNotationv4Tests/Info.plist;
				LD_RUNPATH_SEARCH_PATHS = "$(inherited) @executable_path/Frameworks @loader_path/Frameworks";
				PRODUCT_BUNDLE_IDENTIFIER = com.brendanwoods.scrollingNotationv4Tests;
				PRODUCT_NAME = "$(TARGET_NAME)";
				TEST_HOST = "$(BUILT_PRODUCTS_DIR)/scrollingNotationv4.app/scrollingNotationv4";
			};
			name = Debug;
		};
		BC64B7E61C6C56F300DE7780 /* Release */ = {
			isa = XCBuildConfiguration;
			buildSettings = {
				BUNDLE_LOADER = "$(TEST_HOST)";
				INFOPLIST_FILE = scrollingNotationv4Tests/Info.plist;
				LD_RUNPATH_SEARCH_PATHS = "$(inherited) @executable_path/Frameworks @loader_path/Frameworks";
				PRODUCT_BUNDLE_IDENTIFIER = com.brendanwoods.scrollingNotationv4Tests;
				PRODUCT_NAME = "$(TARGET_NAME)";
				TEST_HOST = "$(BUILT_PRODUCTS_DIR)/scrollingNotationv4.app/scrollingNotationv4";
			};
			name = Release;
		};
		BC64B7E81C6C56F300DE7780 /* Debug */ = {
			isa = XCBuildConfiguration;
			buildSettings = {
				INFOPLIST_FILE = scrollingNotationv4UITests/Info.plist;
				LD_RUNPATH_SEARCH_PATHS = "$(inherited) @executable_path/Frameworks @loader_path/Frameworks";
				PRODUCT_BUNDLE_IDENTIFIER = com.brendanwoods.scrollingNotationv4UITests;
				PRODUCT_NAME = "$(TARGET_NAME)";
				TEST_TARGET_NAME = scrollingNotationv4;
				USES_XCTRUNNER = YES;
			};
			name = Debug;
		};
		BC64B7E91C6C56F300DE7780 /* Release */ = {
			isa = XCBuildConfiguration;
			buildSettings = {
				INFOPLIST_FILE = scrollingNotationv4UITests/Info.plist;
				LD_RUNPATH_SEARCH_PATHS = "$(inherited) @executable_path/Frameworks @loader_path/Frameworks";
				PRODUCT_BUNDLE_IDENTIFIER = com.brendanwoods.scrollingNotationv4UITests;
				PRODUCT_NAME = "$(TARGET_NAME)";
				TEST_TARGET_NAME = scrollingNotationv4;
				USES_XCTRUNNER = YES;
			};
			name = Release;
		};
/* End XCBuildConfiguration section */

/* Begin XCConfigurationList section */
		BC64B7B41C6C56F200DE7780 /* Build configuration list for PBXProject "scrollingNotationv4" */ = {
			isa = XCConfigurationList;
			buildConfigurations = (
				BC64B7DF1C6C56F300DE7780 /* Debug */,
				BC64B7E01C6C56F300DE7780 /* Release */,
			);
			defaultConfigurationIsVisible = 0;
			defaultConfigurationName = Release;
		};
		BC64B7E11C6C56F300DE7780 /* Build configuration list for PBXNativeTarget "scrollingNotationv4" */ = {
			isa = XCConfigurationList;
			buildConfigurations = (
				BC64B7E21C6C56F300DE7780 /* Debug */,
				BC64B7E31C6C56F300DE7780 /* Release */,
			);
			defaultConfigurationIsVisible = 0;
			defaultConfigurationName = Release;
		};
		BC64B7E41C6C56F300DE7780 /* Build configuration list for PBXNativeTarget "scrollingNotationv4Tests" */ = {
			isa = XCConfigurationList;
			buildConfigurations = (
				BC64B7E51C6C56F300DE7780 /* Debug */,
				BC64B7E61C6C56F300DE7780 /* Release */,
			);
			defaultConfigurationIsVisible = 0;
			defaultConfigurationName = Release;
		};
		BC64B7E71C6C56F300DE7780 /* Build configuration list for PBXNativeTarget "scrollingNotationv4UITests" */ = {
			isa = XCConfigurationList;
			buildConfigurations = (
				BC64B7E81C6C56F300DE7780 /* Debug */,
				BC64B7E91C6C56F300DE7780 /* Release */,
			);
			defaultConfigurationIsVisible = 0;
			defaultConfigurationName = Release;
		};
/* End XCConfigurationList section */
	};
	rootObject = BC64B7B11C6C56F200DE7780 /* Project object */;
}
